
Microsoft Visual Studio Solution File, Format Version 12.00
# Visual Studio Version 16
VisualStudioVersion = 16.0.29215.179
MinimumVisualStudioVersion = 10.0.40219.1
Project("{9A19103F-16F7-4668-BE54-9A1E7A4F7556}") = "DependencyGraph", "DependencyGraph\DependencyGraph.csproj", "{743E9703-D95B-4BF4-8CD2-88523F1B487D}"
EndProject
Project("{FAE04EC0-301F-11D3-BF4B-00C04F79EFBC}") = "DependencyGraphTest", "DependencyGraphTest\DependencyGraphTest.csproj", "{4709CA8E-0F8E-45EB-A752-4679C9F854C9}"
EndProject
Global
	GlobalSection(SolutionConfigurationPlatforms) = preSolution
		Debug|Any CPU = Debug|Any CPU
		Release|Any CPU = Release|Any CPU
	EndGlobalSection
	GlobalSection(ProjectConfigurationPlatforms) = postSolution
		{743E9703-D95B-4BF4-8CD2-88523F1B487D}.Debug|Any CPU.ActiveCfg = Debug|Any CPU
		{743E9703-D95B-4BF4-8CD2-88523F1B487D}.Debug|Any CPU.Build.0 = Debug|Any CPU
		{743E9703-D95B-4BF4-8CD2-88523F1B487D}.Release|Any CPU.ActiveCfg = Release|Any CPU
		{743E9703-D95B-4BF4-8CD2-88523F1B487D}.Release|Any CPU.Build.0 = Release|Any CPU
		{4709CA8E-0F8E-45EB-A752-4679C9F854C9}.Debug|Any CPU.ActiveCfg = Debug|Any CPU
		{4709CA8E-0F8E-45EB-A752-4679C9F854C9}.Debug|Any CPU.Build.0 = Debug|Any CPU
		{4709CA8E-0F8E-45EB-A752-4679C9F854C9}.Release|Any CPU.ActiveCfg = Release|Any CPU
		{4709CA8E-0F8E-45EB-A752-4679C9F854C9}.Release|Any CPU.Build.0 = Release|Any CPU
	EndGlobalSection
	GlobalSection(SolutionProperties) = preSolution
		HideSolutionNode = FALSE
	EndGlobalSection
	GlobalSection(ExtensibilityGlobals) = postSolution
		SolutionGuid = {556A8D77-C514-4A84-9A1A-4F964B5361A3}
	EndGlobalSection
EndGlobal
