
Microsoft Visual Studio Solution File, Format Version 12.00
# Visual Studio Version 16
VisualStudioVersion = 16.0.29215.179
MinimumVisualStudioVersion = 10.0.40219.1
Project("{9A19103F-16F7-4668-BE54-9A1E7A4F7556}") = "FormulaEvaluator", "FormulaEvaluator\FormulaEvaluator.csproj", "{19F73A19-8288-435A-A422-65EC491D58EB}"
EndProject
Project("{FAE04EC0-301F-11D3-BF4B-00C04F79EFBC}") = "EvaluatorTester", "EvaluatorTester\EvaluatorTester.csproj", "{C0CFF91F-A6D5-46FE-9CBD-A25DE86472B4}"
EndProject
Global
	GlobalSection(SolutionConfigurationPlatforms) = preSolution
		Debug|Any CPU = Debug|Any CPU
		Release|Any CPU = Release|Any CPU
	EndGlobalSection
	GlobalSection(ProjectConfigurationPlatforms) = postSolution
		{19F73A19-8288-435A-A422-65EC491D58EB}.Debug|Any CPU.ActiveCfg = Debug|Any CPU
		{19F73A19-8288-435A-A422-65EC491D58EB}.Debug|Any CPU.Build.0 = Debug|Any CPU
		{19F73A19-8288-435A-A422-65EC491D58EB}.Release|Any CPU.ActiveCfg = Release|Any CPU
		{19F73A19-8288-435A-A422-65EC491D58EB}.Release|Any CPU.Build.0 = Release|Any CPU
		{C0CFF91F-A6D5-46FE-9CBD-A25DE86472B4}.Debug|Any CPU.ActiveCfg = Debug|Any CPU
		{C0CFF91F-A6D5-46FE-9CBD-A25DE86472B4}.Debug|Any CPU.Build.0 = Debug|Any CPU
		{C0CFF91F-A6D5-46FE-9CBD-A25DE86472B4}.Release|Any CPU.ActiveCfg = Release|Any CPU
		{C0CFF91F-A6D5-46FE-9CBD-A25DE86472B4}.Release|Any CPU.Build.0 = Release|Any CPU
	EndGlobalSection
	GlobalSection(SolutionProperties) = preSolution
		HideSolutionNode = FALSE
	EndGlobalSection
	GlobalSection(ExtensibilityGlobals) = postSolution
		SolutionGuid = {2CAE0843-0199-4813-98C0-BC0CED8D9BC2}
	EndGlobalSection
EndGlobal
