
Microsoft Visual Studio Solution File, Format Version 12.00
# Visual Studio Version 16
VisualStudioVersion = 16.0.29215.179
MinimumVisualStudioVersion = 10.0.40219.1
Project("{2150E333-8FDC-42A3-9474-1A3956D46DE8}") = "Client", "Client", "{1A8ABC2A-0D4D-4485-93A9-48CA4B4433A9}"
EndProject
Project("{2150E333-8FDC-42A3-9474-1A3956D46DE8}") = "Common", "Common", "{A2D4A601-4B62-4C6B-8379-622F60722ECA}"
EndProject
Project("{9A19103F-16F7-4668-BE54-9A1E7A4F7556}") = "Vector2D", "Common\Vector2D\Vector2D.csproj", "{9DA98C4C-2AEE-48FA-B7F7-8043472AB457}"
EndProject
Project("{FAE04EC0-301F-11D3-BF4B-00C04F79EFBC}") = "Server", "Server\Server\Server.csproj", "{BAFCC228-D7D2-4DB4-AB27-916B37CC55CD}"
EndProject
Project("{2150E333-8FDC-42A3-9474-1A3956D46DE8}") = "Server", "Server", "{76249B5E-354E-49FB-8FD2-F5FA10891AE2}"
EndProject
Project("{9A19103F-16F7-4668-BE54-9A1E7A4F7556}") = "ServerController", "Server\ServerController\ServerController.csproj", "{EFADA5D5-F7CF-49B5-8625-FD35E8FDC767}"
EndProject
Project("{9A19103F-16F7-4668-BE54-9A1E7A4F7556}") = "Model", "Common\Model\Model.csproj", "{4609EE75-8825-4C0E-A5A7-6335D2535584}"
EndProject
Project("{9A19103F-16F7-4668-BE54-9A1E7A4F7556}") = "ClientController", "Client\ClientController\ClientController.csproj", "{9E9C28BF-A26D-4775-9A7E-4C1BAC16CF50}"
EndProject
Project("{FAE04EC0-301F-11D3-BF4B-00C04F79EFBC}") = "ClientView", "Client\ClientView\ClientView.csproj", "{F8351B69-BDE3-44E5-B027-40E8E52936A6}"
EndProject
Project("{9A19103F-16F7-4668-BE54-9A1E7A4F7556}") = "ServerModel", "Server\ServerModel\ServerModel.csproj", "{F426B75D-30AB-4029-A133-034A1D5BF56E}"
EndProject
Project("{9A19103F-16F7-4668-BE54-9A1E7A4F7556}") = "ServerTests", "Server\ServerTests\ServerTests.csproj", "{EB17D918-C1CE-40A2-B7D1-C23E0C65EE1B}"
EndProject
Project("{FAE04EC0-301F-11D3-BF4B-00C04F79EFBC}") = "Resources", "Resources\Resources.csproj", "{DA91BB29-BC67-436F-810C-963E80722117}"
EndProject
Global
	GlobalSection(SolutionConfigurationPlatforms) = preSolution
		Debug|Any CPU = Debug|Any CPU
		Release|Any CPU = Release|Any CPU
	EndGlobalSection
	GlobalSection(ProjectConfigurationPlatforms) = postSolution
		{9DA98C4C-2AEE-48FA-B7F7-8043472AB457}.Debug|Any CPU.ActiveCfg = Debug|Any CPU
		{9DA98C4C-2AEE-48FA-B7F7-8043472AB457}.Debug|Any CPU.Build.0 = Debug|Any CPU
		{9DA98C4C-2AEE-48FA-B7F7-8043472AB457}.Release|Any CPU.ActiveCfg = Release|Any CPU
		{9DA98C4C-2AEE-48FA-B7F7-8043472AB457}.Release|Any CPU.Build.0 = Release|Any CPU
		{BAFCC228-D7D2-4DB4-AB27-916B37CC55CD}.Debug|Any CPU.ActiveCfg = Debug|Any CPU
		{BAFCC228-D7D2-4DB4-AB27-916B37CC55CD}.Debug|Any CPU.Build.0 = Debug|Any CPU
		{BAFCC228-D7D2-4DB4-AB27-916B37CC55CD}.Release|Any CPU.ActiveCfg = Release|Any CPU
		{BAFCC228-D7D2-4DB4-AB27-916B37CC55CD}.Release|Any CPU.Build.0 = Release|Any CPU
		{EFADA5D5-F7CF-49B5-8625-FD35E8FDC767}.Debug|Any CPU.ActiveCfg = Debug|Any CPU
		{EFADA5D5-F7CF-49B5-8625-FD35E8FDC767}.Debug|Any CPU.Build.0 = Debug|Any CPU
		{EFADA5D5-F7CF-49B5-8625-FD35E8FDC767}.Release|Any CPU.ActiveCfg = Release|Any CPU
		{EFADA5D5-F7CF-49B5-8625-FD35E8FDC767}.Release|Any CPU.Build.0 = Release|Any CPU
		{4609EE75-8825-4C0E-A5A7-6335D2535584}.Debug|Any CPU.ActiveCfg = Debug|Any CPU
		{4609EE75-8825-4C0E-A5A7-6335D2535584}.Debug|Any CPU.Build.0 = Debug|Any CPU
		{4609EE75-8825-4C0E-A5A7-6335D2535584}.Release|Any CPU.ActiveCfg = Release|Any CPU
		{4609EE75-8825-4C0E-A5A7-6335D2535584}.Release|Any CPU.Build.0 = Release|Any CPU
		{9E9C28BF-A26D-4775-9A7E-4C1BAC16CF50}.Debug|Any CPU.ActiveCfg = Debug|Any CPU
		{9E9C28BF-A26D-4775-9A7E-4C1BAC16CF50}.Debug|Any CPU.Build.0 = Debug|Any CPU
		{9E9C28BF-A26D-4775-9A7E-4C1BAC16CF50}.Release|Any CPU.ActiveCfg = Release|Any CPU
		{9E9C28BF-A26D-4775-9A7E-4C1BAC16CF50}.Release|Any CPU.Build.0 = Release|Any CPU
		{F8351B69-BDE3-44E5-B027-40E8E52936A6}.Debug|Any CPU.ActiveCfg = Debug|Any CPU
		{F8351B69-BDE3-44E5-B027-40E8E52936A6}.Debug|Any CPU.Build.0 = Debug|Any CPU
		{F8351B69-BDE3-44E5-B027-40E8E52936A6}.Release|Any CPU.ActiveCfg = Release|Any CPU
		{F8351B69-BDE3-44E5-B027-40E8E52936A6}.Release|Any CPU.Build.0 = Release|Any CPU
		{F426B75D-30AB-4029-A133-034A1D5BF56E}.Debug|Any CPU.ActiveCfg = Debug|Any CPU
		{F426B75D-30AB-4029-A133-034A1D5BF56E}.Debug|Any CPU.Build.0 = Debug|Any CPU
		{F426B75D-30AB-4029-A133-034A1D5BF56E}.Release|Any CPU.ActiveCfg = Release|Any CPU
		{F426B75D-30AB-4029-A133-034A1D5BF56E}.Release|Any CPU.Build.0 = Release|Any CPU
		{EB17D918-C1CE-40A2-B7D1-C23E0C65EE1B}.Debug|Any CPU.ActiveCfg = Debug|Any CPU
		{EB17D918-C1CE-40A2-B7D1-C23E0C65EE1B}.Debug|Any CPU.Build.0 = Debug|Any CPU
		{EB17D918-C1CE-40A2-B7D1-C23E0C65EE1B}.Release|Any CPU.ActiveCfg = Release|Any CPU
		{EB17D918-C1CE-40A2-B7D1-C23E0C65EE1B}.Release|Any CPU.Build.0 = Release|Any CPU
		{DA91BB29-BC67-436F-810C-963E80722117}.Debug|Any CPU.ActiveCfg = Debug|Any CPU
		{DA91BB29-BC67-436F-810C-963E80722117}.Release|Any CPU.ActiveCfg = Release|Any CPU
		{DA91BB29-BC67-436F-810C-963E80722117}.Release|Any CPU.Build.0 = Release|Any CPU
	EndGlobalSection
	GlobalSection(SolutionProperties) = preSolution
		HideSolutionNode = FALSE
	EndGlobalSection
	GlobalSection(NestedProjects) = preSolution
		{9DA98C4C-2AEE-48FA-B7F7-8043472AB457} = {A2D4A601-4B62-4C6B-8379-622F60722ECA}
		{BAFCC228-D7D2-4DB4-AB27-916B37CC55CD} = {76249B5E-354E-49FB-8FD2-F5FA10891AE2}
		{EFADA5D5-F7CF-49B5-8625-FD35E8FDC767} = {76249B5E-354E-49FB-8FD2-F5FA10891AE2}
		{4609EE75-8825-4C0E-A5A7-6335D2535584} = {A2D4A601-4B62-4C6B-8379-622F60722ECA}
		{9E9C28BF-A26D-4775-9A7E-4C1BAC16CF50} = {1A8ABC2A-0D4D-4485-93A9-48CA4B4433A9}
		{F8351B69-BDE3-44E5-B027-40E8E52936A6} = {1A8ABC2A-0D4D-4485-93A9-48CA4B4433A9}
		{F426B75D-30AB-4029-A133-034A1D5BF56E} = {76249B5E-354E-49FB-8FD2-F5FA10891AE2}
		{EB17D918-C1CE-40A2-B7D1-C23E0C65EE1B} = {76249B5E-354E-49FB-8FD2-F5FA10891AE2}
	EndGlobalSection
	GlobalSection(ExtensibilityGlobals) = postSolution
		SolutionGuid = {7D204211-DAAB-4A2F-8373-DD135F966AFA}
	EndGlobalSection
EndGlobal
